
Microsoft Visual Studio Solution File, Format Version 12.00
# Visual Studio Version 17
VisualStudioVersion = 17.13.35825.156 d17.13
MinimumVisualStudioVersion = 10.0.40219.1
Project("{FAE04EC0-301F-11D3-BF4B-00C04F79EFBC}") = "Hashtable", "Hashtable\Hashtable.csproj", "{5C93F6B3-655A-4F09-AF34-C14FDAEBB087}"
EndProject
Global
	GlobalSection(SolutionConfigurationPlatforms) = preSolution
		Debug|Any CPU = Debug|Any CPU
		Release|Any CPU = Release|Any CPU
	EndGlobalSection
	GlobalSection(ProjectConfigurationPlatforms) = postSolution
		{5C93F6B3-655A-4F09-AF34-C14FDAEBB087}.Debug|Any CPU.ActiveCfg = Debug|Any CPU
		{5C93F6B3-655A-4F09-AF34-C14FDAEBB087}.Debug|Any CPU.Build.0 = Debug|Any CPU
		{5C93F6B3-655A-4F09-AF34-C14FDAEBB087}.Release|Any CPU.ActiveCfg = Release|Any CPU
		{5C93F6B3-655A-4F09-AF34-C14FDAEBB087}.Release|Any CPU.Build.0 = Release|Any CPU
	EndGlobalSection
	GlobalSection(SolutionProperties) = preSolution
		HideSolutionNode = FALSE
	EndGlobalSection
	GlobalSection(ExtensibilityGlobals) = postSolution
		SolutionGuid = {C6C65F18-36A0-420D-9A5D-B720DD211B6D}
	EndGlobalSection
EndGlobal
